// !$*UTF8*$!
{
	archiveVersion = 1;
	classes = {
	};
	objectVersion = 46;
	objects = {

/* Begin PBXBuildFile section */
		2895089F1FB570B400353860 /* AppDelegate.swift in Sources */ = {isa = PBXBuildFile; fileRef = 2895089E1FB570B400353860 /* AppDelegate.swift */; };
		289508A11FB570B400353860 /* ViewController.swift in Sources */ = {isa = PBXBuildFile; fileRef = 289508A01FB570B400353860 /* ViewController.swift */; };
		289508A61FB570B400353860 /* Assets.xcassets in Resources */ = {isa = PBXBuildFile; fileRef = 289508A51FB570B400353860 /* Assets.xcassets */; };
		289508A91FB570B400353860 /* LaunchScreen.storyboard in Resources */ = {isa = PBXBuildFile; fileRef = 289508A71FB570B400353860 /* LaunchScreen.storyboard */; };
		289508B81FB575D200353860 /* ActivityViewController.swift in Sources */ = {isa = PBXBuildFile; fileRef = 289508B71FB575D200353860 /* ActivityViewController.swift */; };
		289508BA1FB5761A00353860 /* SettingsViewController.swift in Sources */ = {isa = PBXBuildFile; fileRef = 289508B91FB5761A00353860 /* SettingsViewController.swift */; };
		289508BC1FB57A5600353860 /* ActivityMapViewController.swift in Sources */ = {isa = PBXBuildFile; fileRef = 289508BB1FB57A5600353860 /* ActivityMapViewController.swift */; };
		28CD5B331FB705DB009384C2 /* StopWatch.swift in Sources */ = {isa = PBXBuildFile; fileRef = 28CD5B321FB705DB009384C2 /* StopWatch.swift */; };
		28CD5B351FB82209009384C2 /* FinishViewController.swift in Sources */ = {isa = PBXBuildFile; fileRef = 28CD5B341FB82209009384C2 /* FinishViewController.swift */; };
		28CD5B371FB83034009384C2 /* Main.storyboard in Resources */ = {isa = PBXBuildFile; fileRef = 28CD5B361FB83034009384C2 /* Main.storyboard */; };
		28CD5B831FB83664009384C2 /* SpeedoMat.swift in Sources */ = {isa = PBXBuildFile; fileRef = 28CD5B821FB83664009384C2 /* SpeedoMat.swift */; };
		65084EB61FC5124100EDA74A /* Model.xcdatamodeld in Sources */ = {isa = PBXBuildFile; fileRef = 65084EB41FC5124100EDA74A /* Model.xcdatamodeld */; };
		65A684A81FC514B400B0A7C8 /* UnitCalculations.swift in Sources */ = {isa = PBXBuildFile; fileRef = 65A684A71FC514B400B0A7C8 /* UnitCalculations.swift */; };
		65A684AA1FC5151A00B0A7C8 /* FormatDisplay.swift in Sources */ = {isa = PBXBuildFile; fileRef = 65A684A91FC5151A00B0A7C8 /* FormatDisplay.swift */; };
		65A684AE1FC5157E00B0A7C8 /* CLManagerShare.swift in Sources */ = {isa = PBXBuildFile; fileRef = 65A684AD1FC5157E00B0A7C8 /* CLManagerShare.swift */; };
		65A684B01FC51A9C00B0A7C8 /* ActivityViewExtensions.swift in Sources */ = {isa = PBXBuildFile; fileRef = 65A684AF1FC51A9C00B0A7C8 /* ActivityViewExtensions.swift */; };
/* End PBXBuildFile section */

/* Begin PBXFileReference section */
		2895089B1FB570B400353860 /* WoDoTri.app */ = {isa = PBXFileReference; explicitFileType = wrapper.application; includeInIndex = 0; path = WoDoTri.app; sourceTree = BUILT_PRODUCTS_DIR; };
		2895089E1FB570B400353860 /* AppDelegate.swift */ = {isa = PBXFileReference; lastKnownFileType = sourcecode.swift; path = AppDelegate.swift; sourceTree = "<group>"; };
		289508A01FB570B400353860 /* ViewController.swift */ = {isa = PBXFileReference; lastKnownFileType = sourcecode.swift; path = ViewController.swift; sourceTree = "<group>"; };
		289508A51FB570B400353860 /* Assets.xcassets */ = {isa = PBXFileReference; lastKnownFileType = folder.assetcatalog; path = Assets.xcassets; sourceTree = "<group>"; };
		289508A81FB570B400353860 /* Base */ = {isa = PBXFileReference; lastKnownFileType = file.storyboard; name = Base; path = Base.lproj/LaunchScreen.storyboard; sourceTree = "<group>"; };
		289508AA1FB570B400353860 /* Info.plist */ = {isa = PBXFileReference; lastKnownFileType = text.plist.xml; path = Info.plist; sourceTree = "<group>"; };
		289508B71FB575D200353860 /* ActivityViewController.swift */ = {isa = PBXFileReference; fileEncoding = 4; lastKnownFileType = sourcecode.swift; path = ActivityViewController.swift; sourceTree = "<group>"; };
		289508B91FB5761A00353860 /* SettingsViewController.swift */ = {isa = PBXFileReference; fileEncoding = 4; lastKnownFileType = sourcecode.swift; path = SettingsViewController.swift; sourceTree = "<group>"; };
		289508BB1FB57A5600353860 /* ActivityMapViewController.swift */ = {isa = PBXFileReference; fileEncoding = 4; lastKnownFileType = sourcecode.swift; path = ActivityMapViewController.swift; sourceTree = "<group>"; };
		28CD5B321FB705DB009384C2 /* StopWatch.swift */ = {isa = PBXFileReference; fileEncoding = 4; lastKnownFileType = sourcecode.swift; path = StopWatch.swift; sourceTree = "<group>"; };
		28CD5B341FB82209009384C2 /* FinishViewController.swift */ = {isa = PBXFileReference; fileEncoding = 4; lastKnownFileType = sourcecode.swift; path = FinishViewController.swift; sourceTree = "<group>"; };
		28CD5B361FB83034009384C2 /* Main.storyboard */ = {isa = PBXFileReference; fileEncoding = 4; lastKnownFileType = file.storyboard; path = Main.storyboard; sourceTree = "<group>"; };
		28CD5B821FB83664009384C2 /* SpeedoMat.swift */ = {isa = PBXFileReference; fileEncoding = 4; lastKnownFileType = sourcecode.swift; path = SpeedoMat.swift; sourceTree = "<group>"; };
		65084EB51FC5124100EDA74A /* Model.xcdatamodel */ = {isa = PBXFileReference; lastKnownFileType = wrapper.xcdatamodel; path = Model.xcdatamodel; sourceTree = "<group>"; };
		65A684A71FC514B400B0A7C8 /* UnitCalculations.swift */ = {isa = PBXFileReference; lastKnownFileType = sourcecode.swift; path = UnitCalculations.swift; sourceTree = "<group>"; };
		65A684A91FC5151A00B0A7C8 /* FormatDisplay.swift */ = {isa = PBXFileReference; lastKnownFileType = sourcecode.swift; path = FormatDisplay.swift; sourceTree = "<group>"; };
		65A684AD1FC5157E00B0A7C8 /* CLManagerShare.swift */ = {isa = PBXFileReference; lastKnownFileType = sourcecode.swift; path = CLManagerShare.swift; sourceTree = "<group>"; };
		65A684AF1FC51A9C00B0A7C8 /* ActivityViewExtensions.swift */ = {isa = PBXFileReference; lastKnownFileType = sourcecode.swift; path = ActivityViewExtensions.swift; sourceTree = "<group>"; };
/* End PBXFileReference section */

/* Begin PBXFrameworksBuildPhase section */
		289508981FB570B400353860 /* Frameworks */ = {
			isa = PBXFrameworksBuildPhase;
			buildActionMask = 2147483647;
			files = (
			);
			runOnlyForDeploymentPostprocessing = 0;
		};
/* End PBXFrameworksBuildPhase section */

/* Begin PBXGroup section */
		289508921FB570B400353860 = {
			isa = PBXGroup;
			children = (
				2895089D1FB570B400353860 /* WoDoTri */,
				2895089C1FB570B400353860 /* Products */,
			);
			sourceTree = "<group>";
		};
		2895089C1FB570B400353860 /* Products */ = {
			isa = PBXGroup;
			children = (
				2895089B1FB570B400353860 /* WoDoTri.app */,
			);
			name = Products;
			sourceTree = "<group>";
		};
		2895089D1FB570B400353860 /* WoDoTri */ = {
			isa = PBXGroup;
			children = (
				289508B21FB570FE00353860 /* Controller */,
				289508B11FB570F500353860 /* View */,
				289508B01FB570ED00353860 /* Model */,
				2895089E1FB570B400353860 /* AppDelegate.swift */,
				289508A51FB570B400353860 /* Assets.xcassets */,
				289508AA1FB570B400353860 /* Info.plist */,
			);
			path = WoDoTri;
			sourceTree = "<group>";
		};
		289508B01FB570ED00353860 /* Model */ = {
			isa = PBXGroup;
			children = (
				28CD5B381FB833EC009384C2 /* Clients */,
				28CD5B321FB705DB009384C2 /* StopWatch.swift */,
				65A684AD1FC5157E00B0A7C8 /* CLManagerShare.swift */,
				65A684A71FC514B400B0A7C8 /* UnitCalculations.swift */,
				65A684A91FC5151A00B0A7C8 /* FormatDisplay.swift */,
				28CD5B821FB83664009384C2 /* SpeedoMat.swift */,
				65084EB41FC5124100EDA74A /* Model.xcdatamodeld */,
			);
			name = Model;
			sourceTree = "<group>";
		};
		289508B11FB570F500353860 /* View */ = {
			isa = PBXGroup;
			children = (
				28CD5B361FB83034009384C2 /* Main.storyboard */,
				289508A71FB570B400353860 /* LaunchScreen.storyboard */,
			);
			name = View;
			sourceTree = "<group>";
		};
		289508B21FB570FE00353860 /* Controller */ = {
			isa = PBXGroup;
			children = (
				289508A01FB570B400353860 /* ViewController.swift */,
				289508B71FB575D200353860 /* ActivityViewController.swift */,
				65A684AF1FC51A9C00B0A7C8 /* ActivityViewExtensions.swift */,
				289508B91FB5761A00353860 /* SettingsViewController.swift */,
				289508BB1FB57A5600353860 /* ActivityMapViewController.swift */,
				28CD5B341FB82209009384C2 /* FinishViewController.swift */,
			);
			name = Controller;
			sourceTree = "<group>";
		};
		28CD5B381FB833EC009384C2 /* Clients */ = {
			isa = PBXGroup;
			children = (
			);
			name = Clients;
			sourceTree = "<group>";
		};
/* End PBXGroup section */

/* Begin PBXNativeTarget section */
		2895089A1FB570B400353860 /* WoDoTri */ = {
			isa = PBXNativeTarget;
			buildConfigurationList = 289508AD1FB570B400353860 /* Build configuration list for PBXNativeTarget "WoDoTri" */;
			buildPhases = (
				289508971FB570B400353860 /* Sources */,
				289508981FB570B400353860 /* Frameworks */,
				289508991FB570B400353860 /* Resources */,
			);
			buildRules = (
			);
			dependencies = (
			);
			name = WoDoTri;
			productName = WoDoTri;
			productReference = 2895089B1FB570B400353860 /* WoDoTri.app */;
			productType = "com.apple.product-type.application";
		};
/* End PBXNativeTarget section */

/* Begin PBXProject section */
		289508931FB570B400353860 /* Project object */ = {
			isa = PBXProject;
			attributes = {
				LastSwiftUpdateCheck = 0820;
				LastUpgradeCheck = 0900;
				ORGANIZATIONNAME = "Markus Staas";
				TargetAttributes = {
					2895089A1FB570B400353860 = {
						CreatedOnToolsVersion = 8.2.1;
						DevelopmentTeam = 5552KJHMG4;
						LastSwiftMigration = 0900;
						ProvisioningStyle = Automatic;
						SystemCapabilities = {
							com.apple.BackgroundModes = {
								enabled = 1;
							};
						};
					};
				};
			};
			buildConfigurationList = 289508961FB570B400353860 /* Build configuration list for PBXProject "WoDoTri" */;
			compatibilityVersion = "Xcode 3.2";
			developmentRegion = English;
			hasScannedForEncodings = 0;
			knownRegions = (
				en,
				Base,
			);
			mainGroup = 289508921FB570B400353860;
			productRefGroup = 2895089C1FB570B400353860 /* Products */;
			projectDirPath = "";
			projectRoot = "";
			targets = (
				2895089A1FB570B400353860 /* WoDoTri */,
			);
		};
/* End PBXProject section */

/* Begin PBXResourcesBuildPhase section */
		289508991FB570B400353860 /* Resources */ = {
			isa = PBXResourcesBuildPhase;
			buildActionMask = 2147483647;
			files = (
				28CD5B371FB83034009384C2 /* Main.storyboard in Resources */,
				289508A91FB570B400353860 /* LaunchScreen.storyboard in Resources */,
				289508A61FB570B400353860 /* Assets.xcassets in Resources */,
			);
			runOnlyForDeploymentPostprocessing = 0;
		};
/* End PBXResourcesBuildPhase section */

/* Begin PBXSourcesBuildPhase section */
		289508971FB570B400353860 /* Sources */ = {
			isa = PBXSourcesBuildPhase;
			buildActionMask = 2147483647;
			files = (
				289508A11FB570B400353860 /* ViewController.swift in Sources */,
				2895089F1FB570B400353860 /* AppDelegate.swift in Sources */,
				289508B81FB575D200353860 /* ActivityViewController.swift in Sources */,
				28CD5B351FB82209009384C2 /* FinishViewController.swift in Sources */,
				65A684AE1FC5157E00B0A7C8 /* CLManagerShare.swift in Sources */,
				28CD5B831FB83664009384C2 /* SpeedoMat.swift in Sources */,
				65A684B01FC51A9C00B0A7C8 /* ActivityViewExtensions.swift in Sources */,
				65084EB61FC5124100EDA74A /* Model.xcdatamodeld in Sources */,
				28CD5B331FB705DB009384C2 /* StopWatch.swift in Sources */,
				289508BA1FB5761A00353860 /* SettingsViewController.swift in Sources */,
				289508BC1FB57A5600353860 /* ActivityMapViewController.swift in Sources */,
				65A684A81FC514B400B0A7C8 /* UnitCalculations.swift in Sources */,
				65A684AA1FC5151A00B0A7C8 /* FormatDisplay.swift in Sources */,
			);
			runOnlyForDeploymentPostprocessing = 0;
		};
/* End PBXSourcesBuildPhase section */

/* Begin PBXVariantGroup section */
		289508A71FB570B400353860 /* LaunchScreen.storyboard */ = {
			isa = PBXVariantGroup;
			children = (
				289508A81FB570B400353860 /* Base */,
			);
			name = LaunchScreen.storyboard;
			sourceTree = "<group>";
		};
/* End PBXVariantGroup section */

/* Begin XCBuildConfiguration section */
		289508AB1FB570B400353860 /* Debug */ = {
			isa = XCBuildConfiguration;
			buildSettings = {
				ALWAYS_SEARCH_USER_PATHS = NO;
				CLANG_ANALYZER_NONNULL = YES;
				CLANG_CXX_LANGUAGE_STANDARD = "gnu++0x";
				CLANG_CXX_LIBRARY = "libc++";
				CLANG_ENABLE_MODULES = YES;
				CLANG_ENABLE_OBJC_ARC = YES;
				CLANG_WARN_BLOCK_CAPTURE_AUTORELEASING = YES;
				CLANG_WARN_BOOL_CONVERSION = YES;
				CLANG_WARN_COMMA = YES;
				CLANG_WARN_CONSTANT_CONVERSION = YES;
				CLANG_WARN_DIRECT_OBJC_ISA_USAGE = YES_ERROR;
				CLANG_WARN_DOCUMENTATION_COMMENTS = YES;
				CLANG_WARN_EMPTY_BODY = YES;
				CLANG_WARN_ENUM_CONVERSION = YES;
				CLANG_WARN_INFINITE_RECURSION = YES;
				CLANG_WARN_INT_CONVERSION = YES;
				CLANG_WARN_NON_LITERAL_NULL_CONVERSION = YES;
				CLANG_WARN_OBJC_LITERAL_CONVERSION = YES;
				CLANG_WARN_OBJC_ROOT_CLASS = YES_ERROR;
				CLANG_WARN_RANGE_LOOP_ANALYSIS = YES;
				CLANG_WARN_STRICT_PROTOTYPES = YES;
				CLANG_WARN_SUSPICIOUS_MOVE = YES;
				CLANG_WARN_UNREACHABLE_CODE = YES;
				CLANG_WARN__DUPLICATE_METHOD_MATCH = YES;
				"CODE_SIGN_IDENTITY[sdk=iphoneos*]" = "iPhone Developer";
				COPY_PHASE_STRIP = NO;
				DEBUG_INFORMATION_FORMAT = dwarf;
				ENABLE_STRICT_OBJC_MSGSEND = YES;
				ENABLE_TESTABILITY = YES;
				GCC_C_LANGUAGE_STANDARD = gnu99;
				GCC_DYNAMIC_NO_PIC = NO;
				GCC_NO_COMMON_BLOCKS = YES;
				GCC_OPTIMIZATION_LEVEL = 0;
				GCC_PREPROCESSOR_DEFINITIONS = (
					"DEBUG=1",
					"$(inherited)",
				);
				GCC_WARN_64_TO_32_BIT_CONVERSION = YES;
				GCC_WARN_ABOUT_RETURN_TYPE = YES_ERROR;
				GCC_WARN_UNDECLARED_SELECTOR = YES;
				GCC_WARN_UNINITIALIZED_AUTOS = YES_AGGRESSIVE;
				GCC_WARN_UNUSED_FUNCTION = YES;
				GCC_WARN_UNUSED_VARIABLE = YES;
				IPHONEOS_DEPLOYMENT_TARGET = 10.2;
				MTL_ENABLE_DEBUG_INFO = YES;
				ONLY_ACTIVE_ARCH = YES;
				SDKROOT = iphoneos;
				SWIFT_ACTIVE_COMPILATION_CONDITIONS = DEBUG;
				SWIFT_OPTIMIZATION_LEVEL = "-Onone";
			};
			name = Debug;
		};
		289508AC1FB570B400353860 /* Release */ = {
			isa = XCBuildConfiguration;
			buildSettings = {
				ALWAYS_SEARCH_USER_PATHS = NO;
				CLANG_ANALYZER_NONNULL = YES;
				CLANG_CXX_LANGUAGE_STANDARD = "gnu++0x";
				CLANG_CXX_LIBRARY = "libc++";
				CLANG_ENABLE_MODULES = YES;
				CLANG_ENABLE_OBJC_ARC = YES;
				CLANG_WARN_BLOCK_CAPTURE_AUTORELEASING = YES;
				CLANG_WARN_BOOL_CONVERSION = YES;
				CLANG_WARN_COMMA = YES;
				CLANG_WARN_CONSTANT_CONVERSION = YES;
				CLANG_WARN_DIRECT_OBJC_ISA_USAGE = YES_ERROR;
				CLANG_WARN_DOCUMENTATION_COMMENTS = YES;
				CLANG_WARN_EMPTY_BODY = YES;
				CLANG_WARN_ENUM_CONVERSION = YES;
				CLANG_WARN_INFINITE_RECURSION = YES;
				CLANG_WARN_INT_CONVERSION = YES;
				CLANG_WARN_NON_LITERAL_NULL_CONVERSION = YES;
				CLANG_WARN_OBJC_LITERAL_CONVERSION = YES;
				CLANG_WARN_OBJC_ROOT_CLASS = YES_ERROR;
				CLANG_WARN_RANGE_LOOP_ANALYSIS = YES;
				CLANG_WARN_STRICT_PROTOTYPES = YES;
				CLANG_WARN_SUSPICIOUS_MOVE = YES;
				CLANG_WARN_UNREACHABLE_CODE = YES;
				CLANG_WARN__DUPLICATE_METHOD_MATCH = YES;
				"CODE_SIGN_IDENTITY[sdk=iphoneos*]" = "iPhone Developer";
				COPY_PHASE_STRIP = NO;
				DEBUG_INFORMATION_FORMAT = "dwarf-with-dsym";
				ENABLE_NS_ASSERTIONS = NO;
				ENABLE_STRICT_OBJC_MSGSEND = YES;
				GCC_C_LANGUAGE_STANDARD = gnu99;
				GCC_NO_COMMON_BLOCKS = YES;
				GCC_WARN_64_TO_32_BIT_CONVERSION = YES;
				GCC_WARN_ABOUT_RETURN_TYPE = YES_ERROR;
				GCC_WARN_UNDECLARED_SELECTOR = YES;
				GCC_WARN_UNINITIALIZED_AUTOS = YES_AGGRESSIVE;
				GCC_WARN_UNUSED_FUNCTION = YES;
				GCC_WARN_UNUSED_VARIABLE = YES;
				IPHONEOS_DEPLOYMENT_TARGET = 10.2;
				MTL_ENABLE_DEBUG_INFO = NO;
				SDKROOT = iphoneos;
				SWIFT_OPTIMIZATION_LEVEL = "-Owholemodule";
				VALIDATE_PRODUCT = YES;
			};
			name = Release;
		};
		289508AE1FB570B400353860 /* Debug */ = {
			isa = XCBuildConfiguration;
			buildSettings = {
				ASSETCATALOG_COMPILER_APPICON_NAME = AppIcon;
				DEVELOPMENT_TEAM = 5552KJHMG4;
				INFOPLIST_FILE = WoDoTri/Info.plist;
				LD_RUNPATH_SEARCH_PATHS = "$(inherited) @executable_path/Frameworks";
				PRODUCT_BUNDLE_IDENTIFIER = starkusmaas.WoDoTri;
				PRODUCT_NAME = "$(TARGET_NAME)";
				SWIFT_SWIFT3_OBJC_INFERENCE = On;
				SWIFT_VERSION = 4.0;
			};
			name = Debug;
		};
		289508AF1FB570B400353860 /* Release */ = {
			isa = XCBuildConfiguration;
			buildSettings = {
				ASSETCATALOG_COMPILER_APPICON_NAME = AppIcon;
				DEVELOPMENT_TEAM = 5552KJHMG4;
				INFOPLIST_FILE = WoDoTri/Info.plist;
				LD_RUNPATH_SEARCH_PATHS = "$(inherited) @executable_path/Frameworks";
				PRODUCT_BUNDLE_IDENTIFIER = starkusmaas.WoDoTri;
				PRODUCT_NAME = "$(TARGET_NAME)";
				SWIFT_SWIFT3_OBJC_INFERENCE = On;
				SWIFT_VERSION = 4.0;
			};
			name = Release;
		};
/* End XCBuildConfiguration section */

/* Begin XCConfigurationList section */
		289508961FB570B400353860 /* Build configuration list for PBXProject "WoDoTri" */ = {
			isa = XCConfigurationList;
			buildConfigurations = (
				289508AB1FB570B400353860 /* Debug */,
				289508AC1FB570B400353860 /* Release */,
			);
			defaultConfigurationIsVisible = 0;
			defaultConfigurationName = Release;
		};
		289508AD1FB570B400353860 /* Build configuration list for PBXNativeTarget "WoDoTri" */ = {
			isa = XCConfigurationList;
			buildConfigurations = (
				289508AE1FB570B400353860 /* Debug */,
				289508AF1FB570B400353860 /* Release */,
			);
			defaultConfigurationIsVisible = 0;
			defaultConfigurationName = Release;
		};
/* End XCConfigurationList section */

/* Begin XCVersionGroup section */
		65084EB41FC5124100EDA74A /* Model.xcdatamodeld */ = {
			isa = XCVersionGroup;
			children = (
				65084EB51FC5124100EDA74A /* Model.xcdatamodel */,
			);
			currentVersion = 65084EB51FC5124100EDA74A /* Model.xcdatamodel */;
			path = Model.xcdatamodeld;
			sourceTree = "<group>";
			versionGroupType = wrapper.xcdatamodel;
		};
/* End XCVersionGroup section */
	};
	rootObject = 289508931FB570B400353860 /* Project object */;
}
